
Microsoft Visual Studio Solution File, Format Version 12.00
# Visual Studio 15
VisualStudioVersion = 15.0.28307.1062
MinimumVisualStudioVersion = 10.0.40219.1
Project("{FAE04EC0-301F-11D3-BF4B-00C04F79EFBC}") = "PracticaBot", "PracticaBot\PracticaBot.csproj", "{CDABE3E4-A852-4FBE-8B97-10D64CFFC2EF}"
EndProject
Global
	GlobalSection(SolutionConfigurationPlatforms) = preSolution
		Debug|Any CPU = Debug|Any CPU
		Release|Any CPU = Release|Any CPU
	EndGlobalSection
	GlobalSection(ProjectConfigurationPlatforms) = postSolution
		{CDABE3E4-A852-4FBE-8B97-10D64CFFC2EF}.Debug|Any CPU.ActiveCfg = Debug|Any CPU
		{CDABE3E4-A852-4FBE-8B97-10D64CFFC2EF}.Debug|Any CPU.Build.0 = Debug|Any CPU
		{CDABE3E4-A852-4FBE-8B97-10D64CFFC2EF}.Release|Any CPU.ActiveCfg = Release|Any CPU
		{CDABE3E4-A852-4FBE-8B97-10D64CFFC2EF}.Release|Any CPU.Build.0 = Release|Any CPU
	EndGlobalSection
	GlobalSection(SolutionProperties) = preSolution
		HideSolutionNode = FALSE
	EndGlobalSection
	GlobalSection(ExtensibilityGlobals) = postSolution
		SolutionGuid = {54E3CF1B-77F3-4C61-96C9-A38AC55811C7}
	EndGlobalSection
EndGlobal
